# This file is automatically @generated by Poetry 1.6.1 and should not be changed by hand.

[[package]]
name = "aiocoap"
version = "0.4.7"
description = "Python CoAP library"
optional = false
python-versions = ">=3.7"
files = [
    {file = "aiocoap-0.4.7-py3-none-any.whl", hash = "sha256:11fc3a72405a8d35914de0dd5f58c3b3193d249e5c0fcbb895d4225354b44e56"},
    {file = "aiocoap-0.4.7.tar.gz", hash = "sha256:90f3bcaffd454f5421d3ad55ddbe3fe10a686d4b9f3c4445d427b130493a96a4"},
]

[package.extras]
all = ["DTLSSocket (>=0.1.11a1)", "cbor-diag", "cbor2", "cryptography (>=2.0)", "filelock", "ge25519", "pygments", "termcolor", "websockets"]
docs = ["cbor-diag", "cbor2", "cryptography (>=2.0)", "filelock", "ge25519", "pygments", "sphinx", "sphinx-argparse", "termcolor", "websockets"]
oscore = ["cbor2", "cryptography (>=2.0)", "filelock", "ge25519"]
prettyprint = ["cbor-diag", "cbor2", "pygments", "termcolor"]
tinydtls = ["DTLSSocket (>=0.1.11a1)"]
ws = ["websockets"]

[metadata]
lock-version = "2.0"
python-versions = "^3.11"
content-hash = "c4e8ede207a39a0df6810df632b4898ed824eebfdfcea0f823a5346d32879e7e"
